
Microsoft Visual Studio Solution File, Format Version 12.00
# Visual Studio 15
VisualStudioVersion = 15.0.28307.421
MinimumVisualStudioVersion = 10.0.40219.1
Project("{888888A0-9F3D-457C-B088-3A5042F75D52}") = "Stat", "Stat\Stat.pyproj", "{E3B592DD-7552-4BA7-A72C-FF10BE0A0326}"
EndProject
Global
	GlobalSection(SolutionConfigurationPlatforms) = preSolution
		Debug|Any CPU = Debug|Any CPU
		Release|Any CPU = Release|Any CPU
	EndGlobalSection
	GlobalSection(ProjectConfigurationPlatforms) = postSolution
		{E3B592DD-7552-4BA7-A72C-FF10BE0A0326}.Debug|Any CPU.ActiveCfg = Debug|Any CPU
		{E3B592DD-7552-4BA7-A72C-FF10BE0A0326}.Release|Any CPU.ActiveCfg = Release|Any CPU
	EndGlobalSection
	GlobalSection(SolutionProperties) = preSolution
		HideSolutionNode = FALSE
	EndGlobalSection
	GlobalSection(ExtensibilityGlobals) = postSolution
		SolutionGuid = {EC256E42-3CBE-4258-BA60-2EA5E3E511BD}
	EndGlobalSection
EndGlobal
